# This file is automatically @generated by Cargo.
# It is not intended for manual editing.
version = 4

[[package]]
name = "sea-asm"
version = "0.1.0"

[[package]]
name = "sea-elf"
version = "0.1.0"

[[package]]
name = "sea-ir"
version = "0.1.0"

[[package]]
name = "sea-lex"
version = "0.1.0"

[[package]]
name = "sea-opt"
version = "0.1.0"

[[package]]
name = "sea-parse"
version = "0.1.0"

[[package]]
name = "sea-type"
version = "0.1.0"

[[package]]
name = "seaflow"
version = "0.1.0"
